// !$*UTF8*$!
{
	archiveVersion = 1;
	classes = {
	};
	objectVersion = 77;
	objects = {

/* Begin PBXBuildFile section */
		E8A2D0162F34199700351AF4 /* llama in Frameworks */ = {isa = PBXBuildFile; productRef = E8A2D0152F34199700351AF4 /* llama */; };
/* End PBXBuildFile section */

/* Begin PBXContainerItemProxy section */
		E8B6473A2F32E14B0003250C /* PBXContainerItemProxy */ = {
			isa = PBXContainerItemProxy;
			containerPortal = E8B6471F2F32E14A0003250C /* Project object */;
			proxyType = 1;
			remoteGlobalIDString = E8B647262F32E14A0003250C;
			remoteInfo = iOSPhotoBrowser;
		};
		E8B647442F32E14B0003250C /* PBXContainerItemProxy */ = {
			isa = PBXContainerItemProxy;
			containerPortal = E8B6471F2F32E14A0003250C /* Project object */;
			proxyType = 1;
			remoteGlobalIDString = E8B647262F32E14A0003250C;
			remoteInfo = iOSPhotoBrowser;
		};
/* End PBXContainerItemProxy section */

/* Begin PBXFileReference section */
		E8B647272F32E14A0003250C /* iOSPhotoBrowser.app */ = {isa = PBXFileReference; explicitFileType = wrapper.application; includeInIndex = 0; path = iOSPhotoBrowser.app; sourceTree = BUILT_PRODUCTS_DIR; };
		E8B647392F32E14B0003250C /* iOSPhotoBrowserTests.xctest */ = {isa = PBXFileReference; explicitFileType = wrapper.cfbundle; includeInIndex = 0; path = iOSPhotoBrowserTests.xctest; sourceTree = BUILT_PRODUCTS_DIR; };
		E8B647432F32E14B0003250C /* iOSPhotoBrowserUITests.xctest */ = {isa = PBXFileReference; explicitFileType = wrapper.cfbundle; includeInIndex = 0; path = iOSPhotoBrowserUITests.xctest; sourceTree = BUILT_PRODUCTS_DIR; };
/* End PBXFileReference section */

/* Begin PBXFileSystemSynchronizedRootGroup section */
		E8B647292F32E14A0003250C /* iOSPhotoBrowser */ = {
			isa = PBXFileSystemSynchronizedRootGroup;
			path = iOSPhotoBrowser;
			sourceTree = "<group>";
		};
		E8B6473C2F32E14B0003250C /* iOSPhotoBrowserTests */ = {
			isa = PBXFileSystemSynchronizedRootGroup;
			path = iOSPhotoBrowserTests;
			sourceTree = "<group>";
		};
		E8B647462F32E14B0003250C /* iOSPhotoBrowserUITests */ = {
			isa = PBXFileSystemSynchronizedRootGroup;
			path = iOSPhotoBrowserUITests;
			sourceTree = "<group>";
		};
/* End PBXFileSystemSynchronizedRootGroup section */

/* Begin PBXFrameworksBuildPhase section */
		E8B647242F32E14A0003250C /* Frameworks */ = {
			isa = PBXFrameworksBuildPhase;
			buildActionMask = 2147483647;
			files = (
				E8A2D0162F34199700351AF4 /* llama in Frameworks */,
			);
			runOnlyForDeploymentPostprocessing = 0;
		};
		E8B647362F32E14B0003250C /* Frameworks */ = {
			isa = PBXFrameworksBuildPhase;
			buildActionMask = 2147483647;
			files = (
			);
			runOnlyForDeploymentPostprocessing = 0;
		};
		E8B647402F32E14B0003250C /* Frameworks */ = {
			isa = PBXFrameworksBuildPhase;
			buildActionMask = 2147483647;
			files = (
			);
			runOnlyForDeploymentPostprocessing = 0;
		};
/* End PBXFrameworksBuildPhase section */

/* Begin PBXGroup section */
		E8B6471E2F32E14A0003250C = {
			isa = PBXGroup;
			children = (
				E8B647292F32E14A0003250C /* iOSPhotoBrowser */,
				E8B6473C2F32E14B0003250C /* iOSPhotoBrowserTests */,
				E8B647462F32E14B0003250C /* iOSPhotoBrowserUITests */,
				E8B647282F32E14A0003250C /* Products */,
			);
			sourceTree = "<group>";
		};
		E8B647282F32E14A0003250C /* Products */ = {
			isa = PBXGroup;
			children = (
				E8B647272F32E14A0003250C /* iOSPhotoBrowser.app */,
				E8B647392F32E14B0003250C /* iOSPhotoBrowserTests.xctest */,
				E8B647432F32E14B0003250C /* iOSPhotoBrowserUITests.xctest */,
			);
			name = Products;
			sourceTree = "<group>";
		};
/* End PBXGroup section */

/* Begin PBXNativeTarget section */
		E8B647262F32E14A0003250C /* iOSPhotoBrowser */ = {
			isa = PBXNativeTarget;
			buildConfigurationList = E8B6474D2F32E14B0003250C /* Build configuration list for PBXNativeTarget "iOSPhotoBrowser" */;
			buildPhases = (
				E8B647232F32E14A0003250C /* Sources */,
				E8B647242F32E14A0003250C /* Frameworks */,
				E8B647252F32E14A0003250C /* Resources */,
			);
			buildRules = (
			);
			dependencies = (
			);
			fileSystemSynchronizedGroups = (
				E8B647292F32E14A0003250C /* iOSPhotoBrowser */,
			);
			name = iOSPhotoBrowser;
			packageProductDependencies = (
				E8A2D0152F34199700351AF4 /* llama */,
			);
			productName = iOSPhotoBrowser;
			productReference = E8B647272F32E14A0003250C /* iOSPhotoBrowser.app */;
			productType = "com.apple.product-type.application";
		};
		E8B647382F32E14B0003250C /* iOSPhotoBrowserTests */ = {
			isa = PBXNativeTarget;
			buildConfigurationList = E8B647502F32E14B0003250C /* Build configuration list for PBXNativeTarget "iOSPhotoBrowserTests" */;
			buildPhases = (
				E8B647352F32E14B0003250C /* Sources */,
				E8B647362F32E14B0003250C /* Frameworks */,
				E8B647372F32E14B0003250C /* Resources */,
			);
			buildRules = (
			);
			dependencies = (
				E8B6473B2F32E14B0003250C /* PBXTargetDependency */,
			);
			fileSystemSynchronizedGroups = (
				E8B6473C2F32E14B0003250C /* iOSPhotoBrowserTests */,
			);
			name = iOSPhotoBrowserTests;
			packageProductDependencies = (
			);
			productName = iOSPhotoBrowserTests;
			productReference = E8B647392F32E14B0003250C /* iOSPhotoBrowserTests.xctest */;
			productType = "com.apple.product-type.bundle.unit-test";
		};
		E8B647422F32E14B0003250C /* iOSPhotoBrowserUITests */ = {
			isa = PBXNativeTarget;
			buildConfigurationList = E8B647532F32E14B0003250C /* Build configuration list for PBXNativeTarget "iOSPhotoBrowserUITests" */;
			buildPhases = (
				E8B6473F2F32E14B0003250C /* Sources */,
				E8B647402F32E14B0003250C /* Frameworks */,
				E8B647412F32E14B0003250C /* Resources */,
			);
			buildRules = (
			);
			dependencies = (
				E8B647452F32E14B0003250C /* PBXTargetDependency */,
			);
			fileSystemSynchronizedGroups = (
				E8B647462F32E14B0003250C /* iOSPhotoBrowserUITests */,
			);
			name = iOSPhotoBrowserUITests;
			packageProductDependencies = (
			);
			productName = iOSPhotoBrowserUITests;
			productReference = E8B647432F32E14B0003250C /* iOSPhotoBrowserUITests.xctest */;
			productType = "com.apple.product-type.bundle.ui-testing";
		};
/* End PBXNativeTarget section */

/* Begin PBXProject section */
		E8B6471F2F32E14A0003250C /* Project object */ = {
			isa = PBXProject;
			attributes = {
				BuildIndependentTargetsInParallel = 1;
				LastSwiftUpdateCheck = 2620;
				LastUpgradeCheck = 2620;
				TargetAttributes = {
					E8B647262F32E14A0003250C = {
						CreatedOnToolsVersion = 26.2;
					};
					E8B647382F32E14B0003250C = {
						CreatedOnToolsVersion = 26.2;
						TestTargetID = E8B647262F32E14A0003250C;
					};
					E8B647422F32E14B0003250C = {
						CreatedOnToolsVersion = 26.2;
						TestTargetID = E8B647262F32E14A0003250C;
					};
				};
			};
			buildConfigurationList = E8B647222F32E14A0003250C /* Build configuration list for PBXProject "iOSPhotoBrowser" */;
			developmentRegion = en;
			hasScannedForEncodings = 0;
			knownRegions = (
				en,
				Base,
			);
			mainGroup = E8B6471E2F32E14A0003250C;
			minimizedProjectReferenceProxies = 1;
			packageReferences = (
				E8A2D0142F34199700351AF4 /* XCRemoteSwiftPackageReference "llama" */,
			);
			preferredProjectObjectVersion = 77;
			productRefGroup = E8B647282F32E14A0003250C /* Products */;
			projectDirPath = "";
			projectRoot = "";
			targets = (
				E8B647262F32E14A0003250C /* iOSPhotoBrowser */,
				E8B647382F32E14B0003250C /* iOSPhotoBrowserTests */,
				E8B647422F32E14B0003250C /* iOSPhotoBrowserUITests */,
			);
		};
/* End PBXProject section */

/* Begin PBXResourcesBuildPhase section */
		E8B647252F32E14A0003250C /* Resources */ = {
			isa = PBXResourcesBuildPhase;
			buildActionMask = 2147483647;
			files = (
			);
			runOnlyForDeploymentPostprocessing = 0;
		};
		E8B647372F32E14B0003250C /* Resources */ = {
			isa = PBXResourcesBuildPhase;
			buildActionMask = 2147483647;
			files = (
			);
			runOnlyForDeploymentPostprocessing = 0;
		};
		E8B647412F32E14B0003250C /* Resources */ = {
			isa = PBXResourcesBuildPhase;
			buildActionMask = 2147483647;
			files = (
			);
			runOnlyForDeploymentPostprocessing = 0;
		};
/* End PBXResourcesBuildPhase section */

/* Begin PBXSourcesBuildPhase section */
		E8B647232F32E14A0003250C /* Sources */ = {
			isa = PBXSourcesBuildPhase;
			buildActionMask = 2147483647;
			files = (
			);
			runOnlyForDeploymentPostprocessing = 0;
		};
		E8B647352F32E14B0003250C /* Sources */ = {
			isa = PBXSourcesBuildPhase;
			buildActionMask = 2147483647;
			files = (
			);
			runOnlyForDeploymentPostprocessing = 0;
		};
		E8B6473F2F32E14B0003250C /* Sources */ = {
			isa = PBXSourcesBuildPhase;
			buildActionMask = 2147483647;
			files = (
			);
			runOnlyForDeploymentPostprocessing = 0;
		};
/* End PBXSourcesBuildPhase section */

/* Begin PBXTargetDependency section */
		E8B6473B2F32E14B0003250C /* PBXTargetDependency */ = {
			isa = PBXTargetDependency;
			target = E8B647262F32E14A0003250C /* iOSPhotoBrowser */;
			targetProxy = E8B6473A2F32E14B0003250C /* PBXContainerItemProxy */;
		};
		E8B647452F32E14B0003250C /* PBXTargetDependency */ = {
			isa = PBXTargetDependency;
			target = E8B647262F32E14A0003250C /* iOSPhotoBrowser */;
			targetProxy = E8B647442F32E14B0003250C /* PBXContainerItemProxy */;
		};
/* End PBXTargetDependency section */

/* Begin XCBuildConfiguration section */
		E8B6474B2F32E14B0003250C /* Debug */ = {
			isa = XCBuildConfiguration;
			buildSettings = {
				ALWAYS_SEARCH_USER_PATHS = NO;
				ASSETCATALOG_COMPILER_GENERATE_SWIFT_ASSET_SYMBOL_EXTENSIONS = YES;
				CLANG_ANALYZER_NONNULL = YES;
				CLANG_ANALYZER_NUMBER_OBJECT_CONVERSION = YES_AGGRESSIVE;
				CLANG_CXX_LANGUAGE_STANDARD = "gnu++20";
				CLANG_ENABLE_MODULES = YES;
				CLANG_ENABLE_OBJC_ARC = YES;
				CLANG_ENABLE_OBJC_WEAK = YES;
				CLANG_WARN_BLOCK_CAPTURE_AUTORELEASING = YES;
				CLANG_WARN_BOOL_CONVERSION = YES;
				CLANG_WARN_COMMA = YES;
				CLANG_WARN_CONSTANT_CONVERSION = YES;
				CLANG_WARN_DEPRECATED_OBJC_IMPLEMENTATIONS = YES;
				CLANG_WARN_DIRECT_OBJC_ISA_USAGE = YES_ERROR;
				CLANG_WARN_DOCUMENTATION_COMMENTS = YES;
				CLANG_WARN_EMPTY_BODY = YES;
				CLANG_WARN_ENUM_CONVERSION = YES;
				CLANG_WARN_INFINITE_RECURSION = YES;
				CLANG_WARN_INT_CONVERSION = YES;
				CLANG_WARN_NON_LITERAL_NULL_CONVERSION = YES;
				CLANG_WARN_OBJC_IMPLICIT_RETAIN_SELF = YES;
				CLANG_WARN_OBJC_LITERAL_CONVERSION = YES;
				CLANG_WARN_OBJC_ROOT_CLASS = YES_ERROR;
				CLANG_WARN_QUOTED_INCLUDE_IN_FRAMEWORK_HEADER = YES;
				CLANG_WARN_RANGE_LOOP_ANALYSIS = YES;
				CLANG_WARN_STRICT_PROTOTYPES = YES;
				CLANG_WARN_SUSPICIOUS_MOVE = YES;
				CLANG_WARN_UNGUARDED_AVAILABILITY = YES_AGGRESSIVE;
				CLANG_WARN_UNREACHABLE_CODE = YES;
				CLANG_WARN__DUPLICATE_METHOD_MATCH = YES;
				COPY_PHASE_STRIP = NO;
				DEBUG_INFORMATION_FORMAT = dwarf;
				DEVELOPMENT_TEAM = 86TJC8MC2Z;
				ENABLE_STRICT_OBJC_MSGSEND = YES;
				ENABLE_TESTABILITY = YES;
				ENABLE_USER_SCRIPT_SANDBOXING = YES;
				GCC_C_LANGUAGE_STANDARD = gnu17;
				GCC_DYNAMIC_NO_PIC = NO;
				GCC_NO_COMMON_BLOCKS = YES;
				GCC_OPTIMIZATION_LEVEL = 0;
				GCC_PREPROCESSOR_DEFINITIONS = (
					"DEBUG=1",
					"$(inherited)",
				);
				GCC_WARN_64_TO_32_BIT_CONVERSION = YES;
				GCC_WARN_ABOUT_RETURN_TYPE = YES_ERROR;
				GCC_WARN_UNDECLARED_SELECTOR = YES;
				GCC_WARN_UNINITIALIZED_AUTOS = YES_AGGRESSIVE;
				GCC_WARN_UNUSED_FUNCTION = YES;
				GCC_WARN_UNUSED_VARIABLE = YES;
				IPHONEOS_DEPLOYMENT_TARGET = 26.2;
				LOCALIZATION_PREFERS_STRING_CATALOGS = YES;
				MTL_ENABLE_DEBUG_INFO = INCLUDE_SOURCE;
				MTL_FAST_MATH = YES;
				ONLY_ACTIVE_ARCH = YES;
				SDKROOT = iphoneos;
				SWIFT_ACTIVE_COMPILATION_CONDITIONS = "DEBUG $(inherited)";
				SWIFT_OPTIMIZATION_LEVEL = "-Onone";
			};
			name = Debug;
		};
		E8B6474C2F32E14B0003250C /* Release */ = {
			isa = XCBuildConfiguration;
			buildSettings = {
				ALWAYS_SEARCH_USER_PATHS = NO;
				ASSETCATALOG_COMPILER_GENERATE_SWIFT_ASSET_SYMBOL_EXTENSIONS = YES;
				CLANG_ANALYZER_NONNULL = YES;
				CLANG_ANALYZER_NUMBER_OBJECT_CONVERSION = YES_AGGRESSIVE;
				CLANG_CXX_LANGUAGE_STANDARD = "gnu++20";
				CLANG_ENABLE_MODULES = YES;
				CLANG_ENABLE_OBJC_ARC = YES;
				CLANG_ENABLE_OBJC_WEAK = YES;
				CLANG_WARN_BLOCK_CAPTURE_AUTORELEASING = YES;
				CLANG_WARN_BOOL_CONVERSION = YES;
				CLANG_WARN_COMMA = YES;
				CLANG_WARN_CONSTANT_CONVERSION = YES;
				CLANG_WARN_DEPRECATED_OBJC_IMPLEMENTATIONS = YES;
				CLANG_WARN_DIRECT_OBJC_ISA_USAGE = YES_ERROR;
				CLANG_WARN_DOCUMENTATION_COMMENTS = YES;
				CLANG_WARN_EMPTY_BODY = YES;
				CLANG_WARN_ENUM_CONVERSION = YES;
				CLANG_WARN_INFINITE_RECURSION = YES;
				CLANG_WARN_INT_CONVERSION = YES;
				CLANG_WARN_NON_LITERAL_NULL_CONVERSION = YES;
				CLANG_WARN_OBJC_IMPLICIT_RETAIN_SELF = YES;
				CLANG_WARN_OBJC_LITERAL_CONVERSION = YES;
				CLANG_WARN_OBJC_ROOT_CLASS = YES_ERROR;
				CLANG_WARN_QUOTED_INCLUDE_IN_FRAMEWORK_HEADER = YES;
				CLANG_WARN_RANGE_LOOP_ANALYSIS = YES;
				CLANG_WARN_STRICT_PROTOTYPES = YES;
				CLANG_WARN_SUSPICIOUS_MOVE = YES;
				CLANG_WARN_UNGUARDED_AVAILABILITY = YES_AGGRESSIVE;
				CLANG_WARN_UNREACHABLE_CODE = YES;
				CLANG_WARN__DUPLICATE_METHOD_MATCH = YES;
				COPY_PHASE_STRIP = NO;
				DEBUG_INFORMATION_FORMAT = "dwarf-with-dsym";
				DEVELOPMENT_TEAM = 86TJC8MC2Z;
				ENABLE_NS_ASSERTIONS = NO;
				ENABLE_STRICT_OBJC_MSGSEND = YES;
				ENABLE_USER_SCRIPT_SANDBOXING = YES;
				GCC_C_LANGUAGE_STANDARD = gnu17;
				GCC_NO_COMMON_BLOCKS = YES;
				GCC_WARN_64_TO_32_BIT_CONVERSION = YES;
				GCC_WARN_ABOUT_RETURN_TYPE = YES_ERROR;
				GCC_WARN_UNDECLARED_SELECTOR = YES;
				GCC_WARN_UNINITIALIZED_AUTOS = YES_AGGRESSIVE;
				GCC_WARN_UNUSED_FUNCTION = YES;
				GCC_WARN_UNUSED_VARIABLE = YES;
				IPHONEOS_DEPLOYMENT_TARGET = 26.2;
				LOCALIZATION_PREFERS_STRING_CATALOGS = YES;
				MTL_ENABLE_DEBUG_INFO = NO;
				MTL_FAST_MATH = YES;
				SDKROOT = iphoneos;
				SWIFT_COMPILATION_MODE = wholemodule;
				VALIDATE_PRODUCT = YES;
			};
			name = Release;
		};
		E8B6474E2F32E14B0003250C /* Debug */ = {
			isa = XCBuildConfiguration;
			buildSettings = {
				ASSETCATALOG_COMPILER_APPICON_NAME = AppIcon;
				ASSETCATALOG_COMPILER_GLOBAL_ACCENT_COLOR_NAME = AccentColor;
				CODE_SIGN_STYLE = Automatic;
				CURRENT_PROJECT_VERSION = 1;
				DEVELOPMENT_TEAM = 86TJC8MC2Z;
				ENABLE_PREVIEWS = YES;
				GENERATE_INFOPLIST_FILE = YES;
				INFOPLIST_KEY_NSCameraUsageDescription = "カメラで写真を撮影して取り込むために必要です";
				INFOPLIST_KEY_NSPhotoLibraryUsageDescription = "写真を取り込むためにアクセスが必要です";
				INFOPLIST_KEY_UIApplicationSceneManifest_Generation = YES;
				INFOPLIST_KEY_UIApplicationSupportsIndirectInputEvents = YES;
				INFOPLIST_KEY_UILaunchScreen_Generation = YES;
				INFOPLIST_KEY_UISupportedInterfaceOrientations_iPad = "UIInterfaceOrientationPortrait UIInterfaceOrientationPortraitUpsideDown UIInterfaceOrientationLandscapeLeft UIInterfaceOrientationLandscapeRight";
				INFOPLIST_KEY_UISupportedInterfaceOrientations_iPhone = "UIInterfaceOrientationPortrait UIInterfaceOrientationLandscapeLeft UIInterfaceOrientationLandscapeRight";
				LD_RUNPATH_SEARCH_PATHS = (
					"$(inherited)",
					"@executable_path/Frameworks",
				);
				MARKETING_VERSION = 1.0;
				OTHER_SWIFT_FLAGS = "";
				"OTHER_SWIFT_FLAGS[arch=*]" = "-DENABLE_LLAMA -cxx-interoperability-mode=default";
				PRODUCT_BUNDLE_IDENTIFIER = com.yuichiyazaki.iOSPhotoBrowser;
				PRODUCT_NAME = "$(TARGET_NAME)";
				STRING_CATALOG_GENERATE_SYMBOLS = YES;
				SWIFT_APPROACHABLE_CONCURRENCY = YES;
				SWIFT_DEFAULT_ACTOR_ISOLATION = MainActor;
				SWIFT_EMIT_LOC_STRINGS = YES;
				SWIFT_OBJC_INTEROP_MODE = objcxx;
				SWIFT_UPCOMING_FEATURE_MEMBER_IMPORT_VISIBILITY = YES;
				SWIFT_VERSION = 5.0;
				TARGETED_DEVICE_FAMILY = "1,2";
			};
			name = Debug;
		};
		E8B6474F2F32E14B0003250C /* Release */ = {
			isa = XCBuildConfiguration;
			buildSettings = {
				ASSETCATALOG_COMPILER_APPICON_NAME = AppIcon;
				ASSETCATALOG_COMPILER_GLOBAL_ACCENT_COLOR_NAME = AccentColor;
				CODE_SIGN_STYLE = Automatic;
				CURRENT_PROJECT_VERSION = 1;
				DEVELOPMENT_TEAM = 86TJC8MC2Z;
				ENABLE_PREVIEWS = YES;
				GENERATE_INFOPLIST_FILE = YES;
				INFOPLIST_KEY_NSCameraUsageDescription = "カメラで写真を撮影して取り込むために必要です";
				INFOPLIST_KEY_NSPhotoLibraryUsageDescription = "写真を取り込むためにアクセスが必要です";
				INFOPLIST_KEY_UIApplicationSceneManifest_Generation = YES;
				INFOPLIST_KEY_UIApplicationSupportsIndirectInputEvents = YES;
				INFOPLIST_KEY_UILaunchScreen_Generation = YES;
				INFOPLIST_KEY_UISupportedInterfaceOrientations_iPad = "UIInterfaceOrientationPortrait UIInterfaceOrientationPortraitUpsideDown UIInterfaceOrientationLandscapeLeft UIInterfaceOrientationLandscapeRight";
				INFOPLIST_KEY_UISupportedInterfaceOrientations_iPhone = "UIInterfaceOrientationPortrait UIInterfaceOrientationLandscapeLeft UIInterfaceOrientationLandscapeRight";
				LD_RUNPATH_SEARCH_PATHS = (
					"$(inherited)",
					"@executable_path/Frameworks",
				);
				MARKETING_VERSION = 1.0;
				OTHER_SWIFT_FLAGS = "";
				"OTHER_SWIFT_FLAGS[arch=*]" = "-DENABLE_LLAMA -cxx-interoperability-mode=default";
				PRODUCT_BUNDLE_IDENTIFIER = com.yuichiyazaki.iOSPhotoBrowser;
				PRODUCT_NAME = "$(TARGET_NAME)";
				STRING_CATALOG_GENERATE_SYMBOLS = YES;
				SWIFT_APPROACHABLE_CONCURRENCY = YES;
				SWIFT_DEFAULT_ACTOR_ISOLATION = MainActor;
				SWIFT_EMIT_LOC_STRINGS = YES;
				SWIFT_OBJC_INTEROP_MODE = objcxx;
				SWIFT_UPCOMING_FEATURE_MEMBER_IMPORT_VISIBILITY = YES;
				SWIFT_VERSION = 5.0;
				TARGETED_DEVICE_FAMILY = "1,2";
			};
			name = Release;
		};
		E8B647512F32E14B0003250C /* Debug */ = {
			isa = XCBuildConfiguration;
			buildSettings = {
				BUNDLE_LOADER = "$(TEST_HOST)";
				CODE_SIGN_STYLE = Automatic;
				CURRENT_PROJECT_VERSION = 1;
				DEVELOPMENT_TEAM = 86TJC8MC2Z;
				GENERATE_INFOPLIST_FILE = YES;
				IPHONEOS_DEPLOYMENT_TARGET = 26.2;
				MARKETING_VERSION = 1.0;
				PRODUCT_BUNDLE_IDENTIFIER = com.yuichiyazaki.iOSPhotoBrowserTests;
				PRODUCT_NAME = "$(TARGET_NAME)";
				STRING_CATALOG_GENERATE_SYMBOLS = NO;
				SWIFT_APPROACHABLE_CONCURRENCY = YES;
				SWIFT_EMIT_LOC_STRINGS = NO;
				SWIFT_UPCOMING_FEATURE_MEMBER_IMPORT_VISIBILITY = YES;
				SWIFT_VERSION = 5.0;
				TARGETED_DEVICE_FAMILY = "1,2";
				TEST_HOST = "$(BUILT_PRODUCTS_DIR)/iOSPhotoBrowser.app/$(BUNDLE_EXECUTABLE_FOLDER_PATH)/iOSPhotoBrowser";
			};
			name = Debug;
		};
		E8B647522F32E14B0003250C /* Release */ = {
			isa = XCBuildConfiguration;
			buildSettings = {
				BUNDLE_LOADER = "$(TEST_HOST)";
				CODE_SIGN_STYLE = Automatic;
				CURRENT_PROJECT_VERSION = 1;
				DEVELOPMENT_TEAM = 86TJC8MC2Z;
				GENERATE_INFOPLIST_FILE = YES;
				IPHONEOS_DEPLOYMENT_TARGET = 26.2;
				MARKETING_VERSION = 1.0;
				PRODUCT_BUNDLE_IDENTIFIER = com.yuichiyazaki.iOSPhotoBrowserTests;
				PRODUCT_NAME = "$(TARGET_NAME)";
				STRING_CATALOG_GENERATE_SYMBOLS = NO;
				SWIFT_APPROACHABLE_CONCURRENCY = YES;
				SWIFT_EMIT_LOC_STRINGS = NO;
				SWIFT_UPCOMING_FEATURE_MEMBER_IMPORT_VISIBILITY = YES;
				SWIFT_VERSION = 5.0;
				TARGETED_DEVICE_FAMILY = "1,2";
				TEST_HOST = "$(BUILT_PRODUCTS_DIR)/iOSPhotoBrowser.app/$(BUNDLE_EXECUTABLE_FOLDER_PATH)/iOSPhotoBrowser";
			};
			name = Release;
		};
		E8B647542F32E14B0003250C /* Debug */ = {
			isa = XCBuildConfiguration;
			buildSettings = {
				CODE_SIGN_STYLE = Automatic;
				CURRENT_PROJECT_VERSION = 1;
				DEVELOPMENT_TEAM = 86TJC8MC2Z;
				GENERATE_INFOPLIST_FILE = YES;
				MARKETING_VERSION = 1.0;
				PRODUCT_BUNDLE_IDENTIFIER = com.yuichiyazaki.iOSPhotoBrowserUITests;
				PRODUCT_NAME = "$(TARGET_NAME)";
				STRING_CATALOG_GENERATE_SYMBOLS = NO;
				SWIFT_APPROACHABLE_CONCURRENCY = YES;
				SWIFT_EMIT_LOC_STRINGS = NO;
				SWIFT_UPCOMING_FEATURE_MEMBER_IMPORT_VISIBILITY = YES;
				SWIFT_VERSION = 5.0;
				TARGETED_DEVICE_FAMILY = "1,2";
				TEST_TARGET_NAME = iOSPhotoBrowser;
			};
			name = Debug;
		};
		E8B647552F32E14B0003250C /* Release */ = {
			isa = XCBuildConfiguration;
			buildSettings = {
				CODE_SIGN_STYLE = Automatic;
				CURRENT_PROJECT_VERSION = 1;
				DEVELOPMENT_TEAM = 86TJC8MC2Z;
				GENERATE_INFOPLIST_FILE = YES;
				MARKETING_VERSION = 1.0;
				PRODUCT_BUNDLE_IDENTIFIER = com.yuichiyazaki.iOSPhotoBrowserUITests;
				PRODUCT_NAME = "$(TARGET_NAME)";
				STRING_CATALOG_GENERATE_SYMBOLS = NO;
				SWIFT_APPROACHABLE_CONCURRENCY = YES;
				SWIFT_EMIT_LOC_STRINGS = NO;
				SWIFT_UPCOMING_FEATURE_MEMBER_IMPORT_VISIBILITY = YES;
				SWIFT_VERSION = 5.0;
				TARGETED_DEVICE_FAMILY = "1,2";
				TEST_TARGET_NAME = iOSPhotoBrowser;
			};
			name = Release;
		};
/* End XCBuildConfiguration section */

/* Begin XCConfigurationList section */
		E8B647222F32E14A0003250C /* Build configuration list for PBXProject "iOSPhotoBrowser" */ = {
			isa = XCConfigurationList;
			buildConfigurations = (
				E8B6474B2F32E14B0003250C /* Debug */,
				E8B6474C2F32E14B0003250C /* Release */,
			);
			defaultConfigurationIsVisible = 0;
			defaultConfigurationName = Release;
		};
		E8B6474D2F32E14B0003250C /* Build configuration list for PBXNativeTarget "iOSPhotoBrowser" */ = {
			isa = XCConfigurationList;
			buildConfigurations = (
				E8B6474E2F32E14B0003250C /* Debug */,
				E8B6474F2F32E14B0003250C /* Release */,
			);
			defaultConfigurationIsVisible = 0;
			defaultConfigurationName = Release;
		};
		E8B647502F32E14B0003250C /* Build configuration list for PBXNativeTarget "iOSPhotoBrowserTests" */ = {
			isa = XCConfigurationList;
			buildConfigurations = (
				E8B647512F32E14B0003250C /* Debug */,
				E8B647522F32E14B0003250C /* Release */,
			);
			defaultConfigurationIsVisible = 0;
			defaultConfigurationName = Release;
		};
		E8B647532F32E14B0003250C /* Build configuration list for PBXNativeTarget "iOSPhotoBrowserUITests" */ = {
			isa = XCConfigurationList;
			buildConfigurations = (
				E8B647542F32E14B0003250C /* Debug */,
				E8B647552F32E14B0003250C /* Release */,
			);
			defaultConfigurationIsVisible = 0;
			defaultConfigurationName = Release;
		};
/* End XCConfigurationList section */

/* Begin XCRemoteSwiftPackageReference section */
		E8A2D0142F34199700351AF4 /* XCRemoteSwiftPackageReference "llama" */ = {
			isa = XCRemoteSwiftPackageReference;
			repositoryURL = "https://github.com/StanfordBDHG/llama.cpp";
			requirement = {
				kind = upToNextMajorVersion;
				minimumVersion = 0.3.3;
			};
		};
/* End XCRemoteSwiftPackageReference section */

/* Begin XCSwiftPackageProductDependency section */
		E8A2D0152F34199700351AF4 /* llama */ = {
			isa = XCSwiftPackageProductDependency;
			package = E8A2D0142F34199700351AF4 /* XCRemoteSwiftPackageReference "llama" */;
			productName = llama;
		};
/* End XCSwiftPackageProductDependency section */
	};
	rootObject = E8B6471F2F32E14A0003250C /* Project object */;
}
